
Microsoft Visual Studio Solution File, Format Version 12.00
# Visual Studio Version 16
VisualStudioVersion = 16.0.30128.74
MinimumVisualStudioVersion = 10.0.40219.1
Project("{9A19103F-16F7-4668-BE54-9A1E7A4F7556}") = "Agnokasten", "Agnokasten\Agnokasten.csproj", "{E2B2311A-A417-4D6B-9E9B-09B9B958CC14}"
EndProject
Global
	GlobalSection(SolutionConfigurationPlatforms) = preSolution
		Debug|Any CPU = Debug|Any CPU
		Release|Any CPU = Release|Any CPU
	EndGlobalSection
	GlobalSection(ProjectConfigurationPlatforms) = postSolution
		{E2B2311A-A417-4D6B-9E9B-09B9B958CC14}.Debug|Any CPU.ActiveCfg = Debug|Any CPU
		{E2B2311A-A417-4D6B-9E9B-09B9B958CC14}.Debug|Any CPU.Build.0 = Debug|Any CPU
		{E2B2311A-A417-4D6B-9E9B-09B9B958CC14}.Release|Any CPU.ActiveCfg = Release|Any CPU
		{E2B2311A-A417-4D6B-9E9B-09B9B958CC14}.Release|Any CPU.Build.0 = Release|Any CPU
	EndGlobalSection
	GlobalSection(SolutionProperties) = preSolution
		HideSolutionNode = FALSE
	EndGlobalSection
	GlobalSection(ExtensibilityGlobals) = postSolution
		SolutionGuid = {27F6397E-03A5-449A-A672-C66363CDC896}
	EndGlobalSection
EndGlobal
